
Microsoft Visual Studio Solution File, Format Version 12.00
# Visual Studio 2017
Project("{FAE04EC0-301F-11D3-BF4B-00C04F79EFBC}") = "Universe up", "Universe up.csproj", "{9AEC0CA5-3BC6-E14E-2FDE-D03BEA01A3CC}"
EndProject
Project("{FAE04EC0-301F-11D3-BF4B-00C04F79EFBC}") = "Universe up.Plugins", "Universe up.Plugins.csproj", "{B3BF6027-E9D4-FC22-D9FE-FF14826880C1}"
EndProject
Project("{FAE04EC0-301F-11D3-BF4B-00C04F79EFBC}") = "Universe up.Editor.Plugins", "Universe up.Editor.Plugins.csproj", "{6E11DBD0-CEFC-CBEA-64B7-38AB4C51860E}"
EndProject
Project("{FAE04EC0-301F-11D3-BF4B-00C04F79EFBC}") = "Universe up.Editor", "Universe up.Editor.csproj", "{0CB82CA7-6A19-AD86-04F3-619D06D97233}"
EndProject
Global
	GlobalSection(SolutionConfigurationPlatforms) = preSolution
		Debug|Any CPU = Debug|Any CPU
		Release|Any CPU = Release|Any CPU
	EndGlobalSection
	GlobalSection(ProjectConfigurationPlatforms) = postSolution
		{9AEC0CA5-3BC6-E14E-2FDE-D03BEA01A3CC}.Debug|Any CPU.ActiveCfg = Debug|Any CPU
		{9AEC0CA5-3BC6-E14E-2FDE-D03BEA01A3CC}.Debug|Any CPU.Build.0 = Debug|Any CPU
		{9AEC0CA5-3BC6-E14E-2FDE-D03BEA01A3CC}.Release|Any CPU.ActiveCfg = Release|Any CPU
		{9AEC0CA5-3BC6-E14E-2FDE-D03BEA01A3CC}.Release|Any CPU.Build.0 = Release|Any CPU
		{B3BF6027-E9D4-FC22-D9FE-FF14826880C1}.Debug|Any CPU.ActiveCfg = Debug|Any CPU
		{B3BF6027-E9D4-FC22-D9FE-FF14826880C1}.Debug|Any CPU.Build.0 = Debug|Any CPU
		{B3BF6027-E9D4-FC22-D9FE-FF14826880C1}.Release|Any CPU.ActiveCfg = Release|Any CPU
		{B3BF6027-E9D4-FC22-D9FE-FF14826880C1}.Release|Any CPU.Build.0 = Release|Any CPU
		{6E11DBD0-CEFC-CBEA-64B7-38AB4C51860E}.Debug|Any CPU.ActiveCfg = Debug|Any CPU
		{6E11DBD0-CEFC-CBEA-64B7-38AB4C51860E}.Debug|Any CPU.Build.0 = Debug|Any CPU
		{6E11DBD0-CEFC-CBEA-64B7-38AB4C51860E}.Release|Any CPU.ActiveCfg = Release|Any CPU
		{6E11DBD0-CEFC-CBEA-64B7-38AB4C51860E}.Release|Any CPU.Build.0 = Release|Any CPU
		{0CB82CA7-6A19-AD86-04F3-619D06D97233}.Debug|Any CPU.ActiveCfg = Debug|Any CPU
		{0CB82CA7-6A19-AD86-04F3-619D06D97233}.Debug|Any CPU.Build.0 = Debug|Any CPU
		{0CB82CA7-6A19-AD86-04F3-619D06D97233}.Release|Any CPU.ActiveCfg = Release|Any CPU
		{0CB82CA7-6A19-AD86-04F3-619D06D97233}.Release|Any CPU.Build.0 = Release|Any CPU
	EndGlobalSection
	GlobalSection(SolutionProperties) = preSolution
		HideSolutionNode = FALSE
	EndGlobalSection
EndGlobal
